
Microsoft Visual Studio Solution File, Format Version 12.00
# Visual Studio 15
VisualStudioVersion = 15.0.28010.2046
MinimumVisualStudioVersion = 10.0.40219.1
Project("{FAE04EC0-301F-11D3-BF4B-00C04F79EFBC}") = "kamenicaevidencija4", "kamenicaevidencija4\kamenicaevidencija4.csproj", "{CC0FEECF-F94A-4855-9337-D63402AB2DFF}"
EndProject
Global
	GlobalSection(SolutionConfigurationPlatforms) = preSolution
		Debug|Any CPU = Debug|Any CPU
		Release|Any CPU = Release|Any CPU
	EndGlobalSection
	GlobalSection(ProjectConfigurationPlatforms) = postSolution
		{CC0FEECF-F94A-4855-9337-D63402AB2DFF}.Debug|Any CPU.ActiveCfg = Debug|Any CPU
		{CC0FEECF-F94A-4855-9337-D63402AB2DFF}.Debug|Any CPU.Build.0 = Debug|Any CPU
		{CC0FEECF-F94A-4855-9337-D63402AB2DFF}.Release|Any CPU.ActiveCfg = Release|Any CPU
		{CC0FEECF-F94A-4855-9337-D63402AB2DFF}.Release|Any CPU.Build.0 = Release|Any CPU
	EndGlobalSection
	GlobalSection(SolutionProperties) = preSolution
		HideSolutionNode = FALSE
	EndGlobalSection
	GlobalSection(ExtensibilityGlobals) = postSolution
		SolutionGuid = {B31C646D-5AAB-464E-B366-0AA25ED3BE09}
	EndGlobalSection
EndGlobal
